{
  "name": "fntags-ssr-example",
  "lockfileVersion": 3,
  "requires": true,
  "packages": {
    "": {
      "name": "fntags-ssr-example",
      "dependencies": {
        "@srfnstack/fntags": "1.2.6",
        "@srfnstack/fntags-ssr": ">=1.0.0",
        "@srfnstack/spliffy": "1.4.1"
      }
    },
    "node_modules/@srfnstack/fntags": {
      "version": "1.2.6",
      "resolved": "https://registry.npmjs.org/@srfnstack/fntags/-/fntags-1.2.6.tgz",
      "integrity": "sha512-Gkw2sVt7ISY8r2m9mX+04dtHces9vLvxTwDe552aQY9/1aGaQ2dFFu2LDHmSc1FEjQ6VVIzM/xSZbTWNRs+jsQ==",
      "license": "MIT",
      "peer": true
    },
    "node_modules/@srfnstack/fntags-ssr": {
      "version": "1.0.0",
      "resolved": "https://registry.npmjs.org/@srfnstack/fntags-ssr/-/fntags-ssr-1.0.0.tgz",
      "integrity": "sha512-+Fz6dMSYeN/Vnri49c3VInxcQm75fWrIaDaOZ2IBkImEHKQs70o2O52RHLldnC8L7rlmxvnp73/c7OXSMfhiTQ==",
      "license": "MIT",
      "dependencies": {
        "happy-dom": "^20.8.9"
      },
      "engines": {
        "node": ">=18.0.0"
      },
      "peerDependencies": {
        "@srfnstack/fntags": ">=1.0.0"
      }
    },
    "node_modules/@srfnstack/spliffy": {
      "version": "1.4.1",
      "resolved": "https://registry.npmjs.org/@srfnstack/spliffy/-/spliffy-1.4.1.tgz",
      "integrity": "sha512-tzbOTMHx8KImPRJNhBQdMW2lciDMXBRtGUw7jo8f12tzAs2mBhoCBltvjkRut4Id2wOOrJ//kHLzomB0v5EZeQ==",
      "license": "MIT",
      "dependencies": {
        "cookie": "^1.0.2",
        "etag": "^1.8.1",
        "uuid": "^11.1.0",
        "uWebSockets.js": "github:uNetworking/uWebSockets.js#v20.56.0"
      },
      "engines": {
        "node": ">=20 <=24"
      }
    },
    "node_modules/@types/node": {
      "version": "25.5.2",
      "resolved": "https://registry.npmjs.org/@types/node/-/node-25.5.2.tgz",
      "integrity": "sha512-tO4ZIRKNC+MDWV4qKVZe3Ql/woTnmHDr5JD8UI5hn2pwBrHEwOEMZK7WlNb5RKB6EoJ02gwmQS9OrjuFnZYdpg==",
      "license": "MIT",
      "dependencies": {
        "undici-types": "~7.18.0"
      }
    },
    "node_modules/@types/whatwg-mimetype": {
      "version": "3.0.2",
      "resolved": "https://registry.npmjs.org/@types/whatwg-mimetype/-/whatwg-mimetype-3.0.2.tgz",
      "integrity": "sha512-c2AKvDT8ToxLIOUlN51gTiHXflsfIFisS4pO7pDPoKouJCESkhZnEy623gwP9laCy5lnLDAw1vAzu2vM2YLOrA==",
      "license": "MIT"
    },
    "node_modules/@types/ws": {
      "version": "8.18.1",
      "resolved": "https://registry.npmjs.org/@types/ws/-/ws-8.18.1.tgz",
      "integrity": "sha512-ThVF6DCVhA8kUGy+aazFQ4kXQ7E1Ty7A3ypFOe0IcJV8O/M511G99AW24irKrW56Wt44yG9+ij8FaqoBGkuBXg==",
      "license": "MIT",
      "dependencies": {
        "@types/node": "*"
      }
    },
    "node_modules/cookie": {
      "version": "1.1.1",
      "resolved": "https://registry.npmjs.org/cookie/-/cookie-1.1.1.tgz",
      "integrity": "sha512-ei8Aos7ja0weRpFzJnEA9UHJ/7XQmqglbRwnf2ATjcB9Wq874VKH9kfjjirM6UhU2/E5fFYadylyhFldcqSidQ==",
      "license": "MIT",
      "engines": {
        "node": ">=18"
      },
      "funding": {
        "type": "opencollective",
        "url": "https://opencollective.com/express"
      }
    },
    "node_modules/entities": {
      "version": "7.0.1",
      "resolved": "https://registry.npmjs.org/entities/-/entities-7.0.1.tgz",
      "integrity": "sha512-TWrgLOFUQTH994YUyl1yT4uyavY5nNB5muff+RtWaqNVCAK408b5ZnnbNAUEWLTCpum9w6arT70i1XdQ4UeOPA==",
      "license": "BSD-2-Clause",
      "engines": {
        "node": ">=0.12"
      },
      "funding": {
        "url": "https://github.com/fb55/entities?sponsor=1"
      }
    },
    "node_modules/etag": {
      "version": "1.8.1",
      "resolved": "https://registry.npmjs.org/etag/-/etag-1.8.1.tgz",
      "integrity": "sha512-aIL5Fx7mawVa300al2BnEE4iNvo1qETxLrPI/o05L7z6go7fCw1J6EQmbK4FmJ2AS7kgVF/KEZWufBfdClMcPg==",
      "license": "MIT",
      "engines": {
        "node": ">= 0.6"
      }
    },
    "node_modules/happy-dom": {
      "version": "20.8.9",
      "resolved": "https://registry.npmjs.org/happy-dom/-/happy-dom-20.8.9.tgz",
      "integrity": "sha512-Tz23LR9T9jOGVZm2x1EPdXqwA37G/owYMxRwU0E4miurAtFsPMQ1d2Jc2okUaSjZqAFz2oEn3FLXC5a0a+siyA==",
      "license": "MIT",
      "dependencies": {
        "@types/node": ">=20.0.0",
        "@types/whatwg-mimetype": "^3.0.2",
        "@types/ws": "^8.18.1",
        "entities": "^7.0.1",
        "whatwg-mimetype": "^3.0.0",
        "ws": "^8.18.3"
      },
      "engines": {
        "node": ">=20.0.0"
      }
    },
    "node_modules/undici-types": {
      "version": "7.18.2",
      "resolved": "https://registry.npmjs.org/undici-types/-/undici-types-7.18.2.tgz",
      "integrity": "sha512-AsuCzffGHJybSaRrmr5eHr81mwJU3kjw6M+uprWvCXiNeN9SOGwQ3Jn8jb8m3Z6izVgknn1R0FTCEAP2QrLY/w==",
      "license": "MIT"
    },
    "node_modules/uuid": {
      "version": "11.1.0",
      "resolved": "https://registry.npmjs.org/uuid/-/uuid-11.1.0.tgz",
      "integrity": "sha512-0/A9rDy9P7cJ+8w1c9WD9V//9Wj15Ce2MPz8Ri6032usz+NfePxx5AcN3bN+r6ZL6jEo066/yNYB3tn4pQEx+A==",
      "funding": [
        "https://github.com/sponsors/broofa",
        "https://github.com/sponsors/ctavan"
      ],
      "license": "MIT",
      "bin": {
        "uuid": "dist/esm/bin/uuid"
      }
    },
    "node_modules/uWebSockets.js": {
      "version": "20.56.0",
      "resolved": "git+ssh://git@github.com/uNetworking/uWebSockets.js.git#d04e707a1292928d50163ff7545e45c3e84c5ec3",
      "license": "Apache-2.0"
    },
    "node_modules/whatwg-mimetype": {
      "version": "3.0.0",
      "resolved": "https://registry.npmjs.org/whatwg-mimetype/-/whatwg-mimetype-3.0.0.tgz",
      "integrity": "sha512-nt+N2dzIutVRxARx1nghPKGv1xHikU7HKdfafKkLNLindmPU/ch3U31NOCGGA/dmPcmb1VlofO0vnKAcsm0o/Q==",
      "license": "MIT",
      "engines": {
        "node": ">=12"
      }
    },
    "node_modules/ws": {
      "version": "8.20.0",
      "resolved": "https://registry.npmjs.org/ws/-/ws-8.20.0.tgz",
      "integrity": "sha512-sAt8BhgNbzCtgGbt2OxmpuryO63ZoDk/sqaB/znQm94T4fCEsy/yV+7CdC1kJhOU9lboAEU7R3kquuycDoibVA==",
      "license": "MIT",
      "engines": {
        "node": ">=10.0.0"
      },
      "peerDependencies": {
        "bufferutil": "^4.0.1",
        "utf-8-validate": ">=5.0.2"
      },
      "peerDependenciesMeta": {
        "bufferutil": {
          "optional": true
        },
        "utf-8-validate": {
          "optional": true
        }
      }
    }
  }
}
